// !$*UTF8*$!
{
	archiveVersion = 1;
	classes = {
	};
	objectVersion = 51;
	objects = {

/* Begin PBXBuildFile section */
		04AFB50FF137B5D7D40CC75D /* Pods_VIP_Clean_Architecture.framework in Frameworks */ = {isa = PBXBuildFile; fileRef = AB0C878C47ADB4B8D78177ED /* Pods_VIP_Clean_Architecture.framework */; };
		2A13251E24DA7866006B1778 /* BaseConfig.swift in Sources */ = {isa = PBXBuildFile; fileRef = 2A13251D24DA7866006B1778 /* BaseConfig.swift */; };
		2A13252024DA8282006B1778 /* DataConsumptionCell.swift in Sources */ = {isa = PBXBuildFile; fileRef = 2A13251F24DA8282006B1778 /* DataConsumptionCell.swift */; };
		2A13252224DA83DD006B1778 /* DataConsumptionViewHeader.swift in Sources */ = {isa = PBXBuildFile; fileRef = 2A13252124DA83DD006B1778 /* DataConsumptionViewHeader.swift */; };
		2A13252424DA8FF7006B1778 /* NSConstraint.swift in Sources */ = {isa = PBXBuildFile; fileRef = 2A13252324DA8FF7006B1778 /* NSConstraint.swift */; };
		2A13252624DAA6E2006B1778 /* Extensions.swift in Sources */ = {isa = PBXBuildFile; fileRef = 2A13252524DAA6E2006B1778 /* Extensions.swift */; };
		2A13252824DAC2CC006B1778 /* Constants.swift in Sources */ = {isa = PBXBuildFile; fileRef = 2A13252724DAC2CC006B1778 /* Constants.swift */; };
		2A13252A24DAFE53006B1778 /* Environment.swift in Sources */ = {isa = PBXBuildFile; fileRef = 2A13252924DAFE53006B1778 /* Environment.swift */; };
		2A13252C24DB15C9006B1778 /* DataConsumptionPresenterTests.swift in Sources */ = {isa = PBXBuildFile; fileRef = 2A13252B24DB15C9006B1778 /* DataConsumptionPresenterTests.swift */; };
		2A13252E24DB4740006B1778 /* ViewTests.swift in Sources */ = {isa = PBXBuildFile; fileRef = 2A13252D24DB4740006B1778 /* ViewTests.swift */; };
		2A13253224DB4A20006B1778 /* DataConsumptionViewControllerTests.swift in Sources */ = {isa = PBXBuildFile; fileRef = 2A13253124DB4A20006B1778 /* DataConsumptionViewControllerTests.swift */; };
		2A13253424DB4DDF006B1778 /* response_success.json in Resources */ = {isa = PBXBuildFile; fileRef = 2A13253324DB4DDF006B1778 /* response_success.json */; };
		2A13253824DB53D6006B1778 /* DataConsumptionInteractorTests.swift in Sources */ = {isa = PBXBuildFile; fileRef = 2A13253724DB53D6006B1778 /* DataConsumptionInteractorTests.swift */; };
		2A13253A24DB56A7006B1778 /* response_success.json in Resources */ = {isa = PBXBuildFile; fileRef = 2A13253324DB4DDF006B1778 /* response_success.json */; };
		2A13254224DB5C09006B1778 /* SPHUITests.swift in Sources */ = {isa = PBXBuildFile; fileRef = 2A13254124DB5C09006B1778 /* SPHUITests.swift */; };
		2A13254D24DB6644006B1778 /* response_failure.json in Resources */ = {isa = PBXBuildFile; fileRef = 2A13254C24DB6644006B1778 /* response_failure.json */; };
		2A47992E24DBB5340066129B /* MockApiClient.swift in Sources */ = {isa = PBXBuildFile; fileRef = 2A47992D24DBB5340066129B /* MockApiClient.swift */; };
		2AACCB1A24D9BEA600FE98F6 /* AppDelegate.swift in Sources */ = {isa = PBXBuildFile; fileRef = 2AACCB1924D9BEA600FE98F6 /* AppDelegate.swift */; };
		2AACCB1C24D9BEA600FE98F6 /* SceneDelegate.swift in Sources */ = {isa = PBXBuildFile; fileRef = 2AACCB1B24D9BEA600FE98F6 /* SceneDelegate.swift */; };
		2AACCB1E24D9BEA600FE98F6 /* DataConsumptionViewController.swift in Sources */ = {isa = PBXBuildFile; fileRef = 2AACCB1D24D9BEA600FE98F6 /* DataConsumptionViewController.swift */; };
		2AACCB2424D9BEA600FE98F6 /* VIP_Clean_Architecture.xcdatamodeld in Sources */ = {isa = PBXBuildFile; fileRef = 2AACCB2224D9BEA600FE98F6 /* VIP_Clean_Architecture.xcdatamodeld */; };
		2AACCB2624D9BEA800FE98F6 /* Assets.xcassets in Resources */ = {isa = PBXBuildFile; fileRef = 2AACCB2524D9BEA800FE98F6 /* Assets.xcassets */; };
		2AACCB2924D9BEA800FE98F6 /* LaunchScreen.storyboard in Resources */ = {isa = PBXBuildFile; fileRef = 2AACCB2724D9BEA800FE98F6 /* LaunchScreen.storyboard */; };
		2AACCB4324D9C72000FE98F6 /* DataUsageResponse.swift in Sources */ = {isa = PBXBuildFile; fileRef = 2AACCB4224D9C72000FE98F6 /* DataUsageResponse.swift */; };
		2AACCB4624D9C77300FE98F6 /* DataUsageService.swift in Sources */ = {isa = PBXBuildFile; fileRef = 2AACCB4524D9C77300FE98F6 /* DataUsageService.swift */; };
		2AACCB4A24D9C89F00FE98F6 /* Colors.swift in Sources */ = {isa = PBXBuildFile; fileRef = 2AACCB4924D9C89F00FE98F6 /* Colors.swift */; };
		2AACCB4C24D9C8BD00FE98F6 /* Assets.swift in Sources */ = {isa = PBXBuildFile; fileRef = 2AACCB4B24D9C8BD00FE98F6 /* Assets.swift */; };
		2AACCB4F24D9CA9900FE98F6 /* NSBaseViews.swift in Sources */ = {isa = PBXBuildFile; fileRef = 2AACCB4E24D9CA9900FE98F6 /* NSBaseViews.swift */; };
		2AACCB5324D9CAFF00FE98F6 /* NSBaseStackView.swift in Sources */ = {isa = PBXBuildFile; fileRef = 2AACCB5224D9CAFF00FE98F6 /* NSBaseStackView.swift */; };
		2AACCB5B24D9DDC300FE98F6 /* NSBaseSpacers.swift in Sources */ = {isa = PBXBuildFile; fileRef = 2AACCB5A24D9DDC300FE98F6 /* NSBaseSpacers.swift */; };
		2AACCB5D24D9E31600FE98F6 /* MicroServicePaths.swift in Sources */ = {isa = PBXBuildFile; fileRef = 2AACCB5C24D9E31600FE98F6 /* MicroServicePaths.swift */; };
		2AACCB5F24D9EBDB00FE98F6 /* DataConsumptionPresenter.swift in Sources */ = {isa = PBXBuildFile; fileRef = 2AACCB5E24D9EBDB00FE98F6 /* DataConsumptionPresenter.swift */; };
		2AACCB6124D9EBEC00FE98F6 /* DataConsumptionInteractor.swift in Sources */ = {isa = PBXBuildFile; fileRef = 2AACCB6024D9EBEC00FE98F6 /* DataConsumptionInteractor.swift */; };
		2AACCB6324D9EBFA00FE98F6 /* DataConsumptionViewModel.swift in Sources */ = {isa = PBXBuildFile; fileRef = 2AACCB6224D9EBFA00FE98F6 /* DataConsumptionViewModel.swift */; };
		2AACCB6524D9EC1000FE98F6 /* DataConsumptionConfigurator.swift in Sources */ = {isa = PBXBuildFile; fileRef = 2AACCB6424D9EC1000FE98F6 /* DataConsumptionConfigurator.swift */; };
		2AACCB6724D9EC2C00FE98F6 /* DataConsumptionApiWorker.swift in Sources */ = {isa = PBXBuildFile; fileRef = 2AACCB6624D9EC2C00FE98F6 /* DataConsumptionApiWorker.swift */; };
		2AACCB6924D9ECD900FE98F6 /* DataConsumptionRouter.swift in Sources */ = {isa = PBXBuildFile; fileRef = 2AACCB6824D9ECD900FE98F6 /* DataConsumptionRouter.swift */; };
		2AACCB6B24DA076F00FE98F6 /* DataConsumptionProtocols.swift in Sources */ = {isa = PBXBuildFile; fileRef = 2AACCB6A24DA076F00FE98F6 /* DataConsumptionProtocols.swift */; };
		D390600DD08C4A58F41BDD0F /* Pods_VIP_Clean_ArchitectureTests.framework in Frameworks */ = {isa = PBXBuildFile; fileRef = 934089DA120FC0FA4FA086A8 /* Pods_VIP_Clean_ArchitectureTests.framework */; };
/* End PBXBuildFile section */

/* Begin PBXContainerItemProxy section */
		2A13254424DB5C09006B1778 /* PBXContainerItemProxy */ = {
			isa = PBXContainerItemProxy;
			containerPortal = 2AACCB0E24D9BEA600FE98F6 /* Project object */;
			proxyType = 1;
			remoteGlobalIDString = 2AACCB1524D9BEA600FE98F6;
			remoteInfo = "VIP-Clean-Architecture";
		};
		2AACCB3024D9BEA800FE98F6 /* PBXContainerItemProxy */ = {
			isa = PBXContainerItemProxy;
			containerPortal = 2AACCB0E24D9BEA600FE98F6 /* Project object */;
			proxyType = 1;
			remoteGlobalIDString = 2AACCB1524D9BEA600FE98F6;
			remoteInfo = "VIP-Clean-Architecture";
		};
/* End PBXContainerItemProxy section */

/* Begin PBXFileReference section */
		02692914154289F1E02C9BB3 /* Pods-VIP-Clean-Architecture.debug.xcconfig */ = {isa = PBXFileReference; includeInIndex = 1; lastKnownFileType = text.xcconfig; name = "Pods-VIP-Clean-Architecture.debug.xcconfig"; path = "Target Support Files/Pods-VIP-Clean-Architecture/Pods-VIP-Clean-Architecture.debug.xcconfig"; sourceTree = "<group>"; };
		2A13251D24DA7866006B1778 /* BaseConfig.swift */ = {isa = PBXFileReference; lastKnownFileType = sourcecode.swift; path = BaseConfig.swift; sourceTree = "<group>"; };
		2A13251F24DA8282006B1778 /* DataConsumptionCell.swift */ = {isa = PBXFileReference; lastKnownFileType = sourcecode.swift; path = DataConsumptionCell.swift; sourceTree = "<group>"; };
		2A13252124DA83DD006B1778 /* DataConsumptionViewHeader.swift */ = {isa = PBXFileReference; lastKnownFileType = sourcecode.swift; path = DataConsumptionViewHeader.swift; sourceTree = "<group>"; };
		2A13252324DA8FF7006B1778 /* NSConstraint.swift */ = {isa = PBXFileReference; lastKnownFileType = sourcecode.swift; path = NSConstraint.swift; sourceTree = "<group>"; };
		2A13252524DAA6E2006B1778 /* Extensions.swift */ = {isa = PBXFileReference; lastKnownFileType = sourcecode.swift; path = Extensions.swift; sourceTree = "<group>"; };
		2A13252724DAC2CC006B1778 /* Constants.swift */ = {isa = PBXFileReference; lastKnownFileType = sourcecode.swift; path = Constants.swift; sourceTree = "<group>"; };
		2A13252924DAFE53006B1778 /* Environment.swift */ = {isa = PBXFileReference; lastKnownFileType = sourcecode.swift; path = Environment.swift; sourceTree = "<group>"; };
		2A13252B24DB15C9006B1778 /* DataConsumptionPresenterTests.swift */ = {isa = PBXFileReference; lastKnownFileType = sourcecode.swift; path = DataConsumptionPresenterTests.swift; sourceTree = "<group>"; };
		2A13252D24DB4740006B1778 /* ViewTests.swift */ = {isa = PBXFileReference; lastKnownFileType = sourcecode.swift; path = ViewTests.swift; sourceTree = "<group>"; };
		2A13253124DB4A20006B1778 /* DataConsumptionViewControllerTests.swift */ = {isa = PBXFileReference; lastKnownFileType = sourcecode.swift; path = DataConsumptionViewControllerTests.swift; sourceTree = "<group>"; };
		2A13253324DB4DDF006B1778 /* response_success.json */ = {isa = PBXFileReference; lastKnownFileType = text.json; path = response_success.json; sourceTree = "<group>"; };
		2A13253724DB53D6006B1778 /* DataConsumptionInteractorTests.swift */ = {isa = PBXFileReference; lastKnownFileType = sourcecode.swift; path = DataConsumptionInteractorTests.swift; sourceTree = "<group>"; };
		2A13253F24DB5C09006B1778 /* SPHUITests.xctest */ = {isa = PBXFileReference; explicitFileType = wrapper.cfbundle; includeInIndex = 0; path = SPHUITests.xctest; sourceTree = BUILT_PRODUCTS_DIR; };
		2A13254124DB5C09006B1778 /* SPHUITests.swift */ = {isa = PBXFileReference; lastKnownFileType = sourcecode.swift; path = SPHUITests.swift; sourceTree = "<group>"; };
		2A13254324DB5C09006B1778 /* Info.plist */ = {isa = PBXFileReference; lastKnownFileType = text.plist.xml; path = Info.plist; sourceTree = "<group>"; };
		2A13254C24DB6644006B1778 /* response_failure.json */ = {isa = PBXFileReference; lastKnownFileType = text.json; path = response_failure.json; sourceTree = "<group>"; };
		2A47992D24DBB5340066129B /* MockApiClient.swift */ = {isa = PBXFileReference; lastKnownFileType = sourcecode.swift; path = MockApiClient.swift; sourceTree = "<group>"; };
		2AACCB1624D9BEA600FE98F6 /* VIP-Clean-Architecture.app */ = {isa = PBXFileReference; explicitFileType = wrapper.application; includeInIndex = 0; path = "VIP-Clean-Architecture.app"; sourceTree = BUILT_PRODUCTS_DIR; };
		2AACCB1924D9BEA600FE98F6 /* AppDelegate.swift */ = {isa = PBXFileReference; lastKnownFileType = sourcecode.swift; path = AppDelegate.swift; sourceTree = "<group>"; };
		2AACCB1B24D9BEA600FE98F6 /* SceneDelegate.swift */ = {isa = PBXFileReference; lastKnownFileType = sourcecode.swift; path = SceneDelegate.swift; sourceTree = "<group>"; };
		2AACCB1D24D9BEA600FE98F6 /* DataConsumptionViewController.swift */ = {isa = PBXFileReference; lastKnownFileType = sourcecode.swift; path = DataConsumptionViewController.swift; sourceTree = "<group>"; };
		2AACCB2324D9BEA600FE98F6 /* VIP_Clean_Architecture.xcdatamodel */ = {isa = PBXFileReference; lastKnownFileType = wrapper.xcdatamodel; path = VIP_Clean_Architecture.xcdatamodel; sourceTree = "<group>"; };
		2AACCB2524D9BEA800FE98F6 /* Assets.xcassets */ = {isa = PBXFileReference; lastKnownFileType = folder.assetcatalog; path = Assets.xcassets; sourceTree = "<group>"; };
		2AACCB2824D9BEA800FE98F6 /* Base */ = {isa = PBXFileReference; lastKnownFileType = file.storyboard; name = Base; path = Base.lproj/LaunchScreen.storyboard; sourceTree = "<group>"; };
		2AACCB2A24D9BEA800FE98F6 /* Info.plist */ = {isa = PBXFileReference; lastKnownFileType = text.plist.xml; path = Info.plist; sourceTree = "<group>"; };
		2AACCB2F24D9BEA800FE98F6 /* VIP-Clean-ArchitectureTests.xctest */ = {isa = PBXFileReference; explicitFileType = wrapper.cfbundle; includeInIndex = 0; path = "VIP-Clean-ArchitectureTests.xctest"; sourceTree = BUILT_PRODUCTS_DIR; };
		2AACCB3524D9BEA800FE98F6 /* Info.plist */ = {isa = PBXFileReference; lastKnownFileType = text.plist.xml; path = Info.plist; sourceTree = "<group>"; };
		2AACCB4224D9C72000FE98F6 /* DataUsageResponse.swift */ = {isa = PBXFileReference; lastKnownFileType = sourcecode.swift; path = DataUsageResponse.swift; sourceTree = "<group>"; };
		2AACCB4524D9C77300FE98F6 /* DataUsageService.swift */ = {isa = PBXFileReference; lastKnownFileType = sourcecode.swift; path = DataUsageService.swift; sourceTree = "<group>"; };
		2AACCB4924D9C89F00FE98F6 /* Colors.swift */ = {isa = PBXFileReference; lastKnownFileType = sourcecode.swift; path = Colors.swift; sourceTree = "<group>"; };
		2AACCB4B24D9C8BD00FE98F6 /* Assets.swift */ = {isa = PBXFileReference; lastKnownFileType = sourcecode.swift; path = Assets.swift; sourceTree = "<group>"; };
		2AACCB4E24D9CA9900FE98F6 /* NSBaseViews.swift */ = {isa = PBXFileReference; lastKnownFileType = sourcecode.swift; path = NSBaseViews.swift; sourceTree = "<group>"; };
		2AACCB5224D9CAFF00FE98F6 /* NSBaseStackView.swift */ = {isa = PBXFileReference; lastKnownFileType = sourcecode.swift; path = NSBaseStackView.swift; sourceTree = "<group>"; };
		2AACCB5824D9CE2700FE98F6 /* Production.xcconfig */ = {isa = PBXFileReference; lastKnownFileType = text.xcconfig; path = Production.xcconfig; sourceTree = "<group>"; };
		2AACCB5924D9CE4100FE98F6 /* Dev.xcconfig */ = {isa = PBXFileReference; lastKnownFileType = text.xcconfig; path = Dev.xcconfig; sourceTree = "<group>"; };
		2AACCB5A24D9DDC300FE98F6 /* NSBaseSpacers.swift */ = {isa = PBXFileReference; lastKnownFileType = sourcecode.swift; path = NSBaseSpacers.swift; sourceTree = "<group>"; };
		2AACCB5C24D9E31600FE98F6 /* MicroServicePaths.swift */ = {isa = PBXFileReference; lastKnownFileType = sourcecode.swift; path = MicroServicePaths.swift; sourceTree = "<group>"; };
		2AACCB5E24D9EBDB00FE98F6 /* DataConsumptionPresenter.swift */ = {isa = PBXFileReference; lastKnownFileType = sourcecode.swift; path = DataConsumptionPresenter.swift; sourceTree = "<group>"; };
		2AACCB6024D9EBEC00FE98F6 /* DataConsumptionInteractor.swift */ = {isa = PBXFileReference; lastKnownFileType = sourcecode.swift; path = DataConsumptionInteractor.swift; sourceTree = "<group>"; };
		2AACCB6224D9EBFA00FE98F6 /* DataConsumptionViewModel.swift */ = {isa = PBXFileReference; lastKnownFileType = sourcecode.swift; path = DataConsumptionViewModel.swift; sourceTree = "<group>"; };
		2AACCB6424D9EC1000FE98F6 /* DataConsumptionConfigurator.swift */ = {isa = PBXFileReference; lastKnownFileType = sourcecode.swift; path = DataConsumptionConfigurator.swift; sourceTree = "<group>"; };
		2AACCB6624D9EC2C00FE98F6 /* DataConsumptionApiWorker.swift */ = {isa = PBXFileReference; lastKnownFileType = sourcecode.swift; path = DataConsumptionApiWorker.swift; sourceTree = "<group>"; };
		2AACCB6824D9ECD900FE98F6 /* DataConsumptionRouter.swift */ = {isa = PBXFileReference; lastKnownFileType = sourcecode.swift; path = DataConsumptionRouter.swift; sourceTree = "<group>"; };
		2AACCB6A24DA076F00FE98F6 /* DataConsumptionProtocols.swift */ = {isa = PBXFileReference; lastKnownFileType = sourcecode.swift; path = DataConsumptionProtocols.swift; sourceTree = "<group>"; };
		3A649DCEF150D32D9B15729F /* Pods-VIP-Clean-Architecture.release.xcconfig */ = {isa = PBXFileReference; includeInIndex = 1; lastKnownFileType = text.xcconfig; name = "Pods-VIP-Clean-Architecture.release.xcconfig"; path = "Target Support Files/Pods-VIP-Clean-Architecture/Pods-VIP-Clean-Architecture.release.xcconfig"; sourceTree = "<group>"; };
		618CAE8EFA08E4413BBB39FD /* Pods-VIP-Clean-ArchitectureTests.release.xcconfig */ = {isa = PBXFileReference; includeInIndex = 1; lastKnownFileType = text.xcconfig; name = "Pods-VIP-Clean-ArchitectureTests.release.xcconfig"; path = "Target Support Files/Pods-VIP-Clean-ArchitectureTests/Pods-VIP-Clean-ArchitectureTests.release.xcconfig"; sourceTree = "<group>"; };
		7F2A15C5B44E29325B46B6EA /* Pods-VIP-Clean-ArchitectureTests.debug.xcconfig */ = {isa = PBXFileReference; includeInIndex = 1; lastKnownFileType = text.xcconfig; name = "Pods-VIP-Clean-ArchitectureTests.debug.xcconfig"; path = "Target Support Files/Pods-VIP-Clean-ArchitectureTests/Pods-VIP-Clean-ArchitectureTests.debug.xcconfig"; sourceTree = "<group>"; };
		934089DA120FC0FA4FA086A8 /* Pods_VIP_Clean_ArchitectureTests.framework */ = {isa = PBXFileReference; explicitFileType = wrapper.framework; includeInIndex = 0; path = Pods_VIP_Clean_ArchitectureTests.framework; sourceTree = BUILT_PRODUCTS_DIR; };
		AB0C878C47ADB4B8D78177ED /* Pods_VIP_Clean_Architecture.framework */ = {isa = PBXFileReference; explicitFileType = wrapper.framework; includeInIndex = 0; path = Pods_VIP_Clean_Architecture.framework; sourceTree = BUILT_PRODUCTS_DIR; };
/* End PBXFileReference section */

/* Begin PBXFrameworksBuildPhase section */
		2A13253C24DB5C09006B1778 /* Frameworks */ = {
			isa = PBXFrameworksBuildPhase;
			buildActionMask = 2147483647;
			files = (
			);
			runOnlyForDeploymentPostprocessing = 0;
		};
		2AACCB1324D9BEA600FE98F6 /* Frameworks */ = {
			isa = PBXFrameworksBuildPhase;
			buildActionMask = 2147483647;
			files = (
				04AFB50FF137B5D7D40CC75D /* Pods_VIP_Clean_Architecture.framework in Frameworks */,
			);
			runOnlyForDeploymentPostprocessing = 0;
		};
		2AACCB2C24D9BEA800FE98F6 /* Frameworks */ = {
			isa = PBXFrameworksBuildPhase;
			buildActionMask = 2147483647;
			files = (
				D390600DD08C4A58F41BDD0F /* Pods_VIP_Clean_ArchitectureTests.framework in Frameworks */,
			);
			runOnlyForDeploymentPostprocessing = 0;
		};
/* End PBXFrameworksBuildPhase section */

/* Begin PBXGroup section */
		0965AB7CE825D7092E26F230 /* Frameworks */ = {
			isa = PBXGroup;
			children = (
				AB0C878C47ADB4B8D78177ED /* Pods_VIP_Clean_Architecture.framework */,
				934089DA120FC0FA4FA086A8 /* Pods_VIP_Clean_ArchitectureTests.framework */,
			);
			name = Frameworks;
			sourceTree = "<group>";
		};
		2A13254024DB5C09006B1778 /* SPHUITests */ = {
			isa = PBXGroup;
			children = (
				2A13254124DB5C09006B1778 /* SPHUITests.swift */,
				2A13254324DB5C09006B1778 /* Info.plist */,
			);
			path = SPHUITests;
			sourceTree = "<group>";
		};
		2A13254E24DB676E006B1778 /* mock */ = {
			isa = PBXGroup;
			children = (
				2A13253324DB4DDF006B1778 /* response_success.json */,
				2A13254C24DB6644006B1778 /* response_failure.json */,
			);
			path = mock;
			sourceTree = "<group>";
		};
		2AACCB0D24D9BEA600FE98F6 = {
			isa = PBXGroup;
			children = (
				2AACCB1824D9BEA600FE98F6 /* VIP-Clean-Architecture */,
				2AACCB3224D9BEA800FE98F6 /* VIP-Clean-ArchitectureTests */,
				2A13254024DB5C09006B1778 /* SPHUITests */,
				2AACCB1724D9BEA600FE98F6 /* Products */,
				C2D3109BAB42B287DF2AD633 /* Pods */,
				0965AB7CE825D7092E26F230 /* Frameworks */,
			);
			sourceTree = "<group>";
		};
		2AACCB1724D9BEA600FE98F6 /* Products */ = {
			isa = PBXGroup;
			children = (
				2AACCB1624D9BEA600FE98F6 /* VIP-Clean-Architecture.app */,
				2AACCB2F24D9BEA800FE98F6 /* VIP-Clean-ArchitectureTests.xctest */,
				2A13253F24DB5C09006B1778 /* SPHUITests.xctest */,
			);
			name = Products;
			sourceTree = "<group>";
		};
		2AACCB1824D9BEA600FE98F6 /* VIP-Clean-Architecture */ = {
			isa = PBXGroup;
			children = (
				2AACCB5624D9CC9400FE98F6 /* AppConfig */,
				2AACCB5524D9CB9300FE98F6 /* Helpers */,
				2AACCB5424D9CB4400FE98F6 /* Startup */,
				2AACCB4824D9C85800FE98F6 /* Resources */,
				2AACCB4724D9C7C800FE98F6 /* Commons */,
				2AACCB4424D9C74500FE98F6 /* NetworkService */,
				2AACCB4024D9C67200FE98F6 /* Domian */,
				2AACCB3E24D9C59300FE98F6 /* Scene */,
				2AACCB2A24D9BEA800FE98F6 /* Info.plist */,
			);
			path = "VIP-Clean-Architecture";
			sourceTree = "<group>";
		};
		2AACCB3224D9BEA800FE98F6 /* VIP-Clean-ArchitectureTests */ = {
			isa = PBXGroup;
			children = (
				2A13254E24DB676E006B1778 /* mock */,
				2AACCB3524D9BEA800FE98F6 /* Info.plist */,
				2A13252B24DB15C9006B1778 /* DataConsumptionPresenterTests.swift */,
				2A13252D24DB4740006B1778 /* ViewTests.swift */,
				2A13253124DB4A20006B1778 /* DataConsumptionViewControllerTests.swift */,
				2A13253724DB53D6006B1778 /* DataConsumptionInteractorTests.swift */,
				2A47992D24DBB5340066129B /* MockApiClient.swift */,
			);
			path = "VIP-Clean-ArchitectureTests";
			sourceTree = "<group>";
		};
		2AACCB3E24D9C59300FE98F6 /* Scene */ = {
			isa = PBXGroup;
			children = (
				2AACCB3F24D9C62700FE98F6 /* DataConsumption */,
			);
			path = Scene;
			sourceTree = "<group>";
		};
		2AACCB3F24D9C62700FE98F6 /* DataConsumption */ = {
			isa = PBXGroup;
			children = (
				2AACCB1D24D9BEA600FE98F6 /* DataConsumptionViewController.swift */,
				2AACCB5E24D9EBDB00FE98F6 /* DataConsumptionPresenter.swift */,
				2AACCB6024D9EBEC00FE98F6 /* DataConsumptionInteractor.swift */,
				2AACCB6224D9EBFA00FE98F6 /* DataConsumptionViewModel.swift */,
				2AACCB6424D9EC1000FE98F6 /* DataConsumptionConfigurator.swift */,
				2AACCB6624D9EC2C00FE98F6 /* DataConsumptionApiWorker.swift */,
				2AACCB6824D9ECD900FE98F6 /* DataConsumptionRouter.swift */,
				2AACCB6A24DA076F00FE98F6 /* DataConsumptionProtocols.swift */,
				2A13251F24DA8282006B1778 /* DataConsumptionCell.swift */,
				2A13252124DA83DD006B1778 /* DataConsumptionViewHeader.swift */,
			);
			path = DataConsumption;
			sourceTree = "<group>";
		};
		2AACCB4024D9C67200FE98F6 /* Domian */ = {
			isa = PBXGroup;
			children = (
				2AACCB4124D9C6B700FE98F6 /* NetworkResponse */,
			);
			path = Domian;
			sourceTree = "<group>";
		};
		2AACCB4124D9C6B700FE98F6 /* NetworkResponse */ = {
			isa = PBXGroup;
			children = (
				2AACCB4224D9C72000FE98F6 /* DataUsageResponse.swift */,
			);
			path = NetworkResponse;
			sourceTree = "<group>";
		};
		2AACCB4424D9C74500FE98F6 /* NetworkService */ = {
			isa = PBXGroup;
			children = (
				2AACCB4524D9C77300FE98F6 /* DataUsageService.swift */,
				2AACCB5C24D9E31600FE98F6 /* MicroServicePaths.swift */,
			);
			path = NetworkService;
			sourceTree = "<group>";
		};
		2AACCB4724D9C7C800FE98F6 /* Commons */ = {
			isa = PBXGroup;
			children = (
				2AACCB4D24D9C9BE00FE98F6 /* Views */,
				2A13252724DAC2CC006B1778 /* Constants.swift */,
			);
			path = Commons;
			sourceTree = "<group>";
		};
		2AACCB4824D9C85800FE98F6 /* Resources */ = {
			isa = PBXGroup;
			children = (
				2AACCB2524D9BEA800FE98F6 /* Assets.xcassets */,
				2AACCB4924D9C89F00FE98F6 /* Colors.swift */,
				2AACCB4B24D9C8BD00FE98F6 /* Assets.swift */,
				2AACCB2724D9BEA800FE98F6 /* LaunchScreen.storyboard */,
				2AACCB2224D9BEA600FE98F6 /* VIP_Clean_Architecture.xcdatamodeld */,
			);
			path = Resources;
			sourceTree = "<group>";
		};
		2AACCB4D24D9C9BE00FE98F6 /* Views */ = {
			isa = PBXGroup;
			children = (
				2AACCB4E24D9CA9900FE98F6 /* NSBaseViews.swift */,
				2AACCB5224D9CAFF00FE98F6 /* NSBaseStackView.swift */,
				2AACCB5A24D9DDC300FE98F6 /* NSBaseSpacers.swift */,
			);
			path = Views;
			sourceTree = "<group>";
		};
		2AACCB5424D9CB4400FE98F6 /* Startup */ = {
			isa = PBXGroup;
			children = (
				2AACCB1924D9BEA600FE98F6 /* AppDelegate.swift */,
				2AACCB1B24D9BEA600FE98F6 /* SceneDelegate.swift */,
			);
			path = Startup;
			sourceTree = "<group>";
		};
		2AACCB5524D9CB9300FE98F6 /* Helpers */ = {
			isa = PBXGroup;
			children = (
				2A13252924DAFE53006B1778 /* Environment.swift */,
				2A13252324DA8FF7006B1778 /* NSConstraint.swift */,
				2A13252524DAA6E2006B1778 /* Extensions.swift */,
				2A13251D24DA7866006B1778 /* BaseConfig.swift */,
			);
			path = Helpers;
			sourceTree = "<group>";
		};
		2AACCB5624D9CC9400FE98F6 /* AppConfig */ = {
			isa = PBXGroup;
			children = (
				2AACCB5824D9CE2700FE98F6 /* Production.xcconfig */,
				2AACCB5924D9CE4100FE98F6 /* Dev.xcconfig */,
			);
			path = AppConfig;
			sourceTree = "<group>";
		};
		C2D3109BAB42B287DF2AD633 /* Pods */ = {
			isa = PBXGroup;
			children = (
				02692914154289F1E02C9BB3 /* Pods-VIP-Clean-Architecture.debug.xcconfig */,
				3A649DCEF150D32D9B15729F /* Pods-VIP-Clean-Architecture.release.xcconfig */,
				7F2A15C5B44E29325B46B6EA /* Pods-VIP-Clean-ArchitectureTests.debug.xcconfig */,
				618CAE8EFA08E4413BBB39FD /* Pods-VIP-Clean-ArchitectureTests.release.xcconfig */,
			);
			path = Pods;
			sourceTree = "<group>";
		};
/* End PBXGroup section */

/* Begin PBXNativeTarget section */
		2A13253E24DB5C09006B1778 /* SPHUITests */ = {
			isa = PBXNativeTarget;
			buildConfigurationList = 2A13254624DB5C09006B1778 /* Build configuration list for PBXNativeTarget "SPHUITests" */;
			buildPhases = (
				2A13253B24DB5C09006B1778 /* Sources */,
				2A13253C24DB5C09006B1778 /* Frameworks */,
				2A13253D24DB5C09006B1778 /* Resources */,
			);
			buildRules = (
			);
			dependencies = (
				2A13254524DB5C09006B1778 /* PBXTargetDependency */,
			);
			name = SPHUITests;
			productName = SPHUITests;
			productReference = 2A13253F24DB5C09006B1778 /* SPHUITests.xctest */;
			productType = "com.apple.product-type.bundle.ui-testing";
		};
		2AACCB1524D9BEA600FE98F6 /* VIP-Clean-Architecture */ = {
			isa = PBXNativeTarget;
			buildConfigurationList = 2AACCB3824D9BEA800FE98F6 /* Build configuration list for PBXNativeTarget "VIP-Clean-Architecture" */;
			buildPhases = (
				4A419203D8C528D450723BFE /* [CP] Check Pods Manifest.lock */,
				2AACCB1224D9BEA600FE98F6 /* Sources */,
				2AACCB1324D9BEA600FE98F6 /* Frameworks */,
				2AACCB1424D9BEA600FE98F6 /* Resources */,
				E3195544C85224E6CFCDDFF6 /* [CP] Embed Pods Frameworks */,
			);
			buildRules = (
			);
			dependencies = (
			);
			name = "VIP-Clean-Architecture";
			productName = "VIP-Clean-Architecture";
			productReference = 2AACCB1624D9BEA600FE98F6 /* VIP-Clean-Architecture.app */;
			productType = "com.apple.product-type.application";
		};
		2AACCB2E24D9BEA800FE98F6 /* VIP-Clean-ArchitectureTests */ = {
			isa = PBXNativeTarget;
			buildConfigurationList = 2AACCB3B24D9BEA800FE98F6 /* Build configuration list for PBXNativeTarget "VIP-Clean-ArchitectureTests" */;
			buildPhases = (
				0D3A0DFD379B3BEB85FE654C /* [CP] Check Pods Manifest.lock */,
				2AACCB2B24D9BEA800FE98F6 /* Sources */,
				2AACCB2C24D9BEA800FE98F6 /* Frameworks */,
				2AACCB2D24D9BEA800FE98F6 /* Resources */,
			);
			buildRules = (
			);
			dependencies = (
				2AACCB3124D9BEA800FE98F6 /* PBXTargetDependency */,
			);
			name = "VIP-Clean-ArchitectureTests";
			productName = "VIP-Clean-ArchitectureTests";
			productReference = 2AACCB2F24D9BEA800FE98F6 /* VIP-Clean-ArchitectureTests.xctest */;
			productType = "com.apple.product-type.bundle.unit-test";
		};
/* End PBXNativeTarget section */

/* Begin PBXProject section */
		2AACCB0E24D9BEA600FE98F6 /* Project object */ = {
			isa = PBXProject;
			attributes = {
				LastSwiftUpdateCheck = 1160;
				LastUpgradeCheck = 1150;
				ORGANIZATIONNAME = "Ahil Ahilendran";
				TargetAttributes = {
					2A13253E24DB5C09006B1778 = {
						CreatedOnToolsVersion = 11.6;
						TestTargetID = 2AACCB1524D9BEA600FE98F6;
					};
					2AACCB1524D9BEA600FE98F6 = {
						CreatedOnToolsVersion = 11.5;
					};
					2AACCB2E24D9BEA800FE98F6 = {
						CreatedOnToolsVersion = 11.5;
						TestTargetID = 2AACCB1524D9BEA600FE98F6;
					};
				};
			};
			buildConfigurationList = 2AACCB1124D9BEA600FE98F6 /* Build configuration list for PBXProject "VIP-Clean-Architecture" */;
			compatibilityVersion = "Xcode 9.3";
			developmentRegion = en;
			hasScannedForEncodings = 0;
			knownRegions = (
				en,
				Base,
			);
			mainGroup = 2AACCB0D24D9BEA600FE98F6;
			productRefGroup = 2AACCB1724D9BEA600FE98F6 /* Products */;
			projectDirPath = "";
			projectRoot = "";
			targets = (
				2AACCB1524D9BEA600FE98F6 /* VIP-Clean-Architecture */,
				2AACCB2E24D9BEA800FE98F6 /* VIP-Clean-ArchitectureTests */,
				2A13253E24DB5C09006B1778 /* SPHUITests */,
			);
		};
/* End PBXProject section */

/* Begin PBXResourcesBuildPhase section */
		2A13253D24DB5C09006B1778 /* Resources */ = {
			isa = PBXResourcesBuildPhase;
			buildActionMask = 2147483647;
			files = (
			);
			runOnlyForDeploymentPostprocessing = 0;
		};
		2AACCB1424D9BEA600FE98F6 /* Resources */ = {
			isa = PBXResourcesBuildPhase;
			buildActionMask = 2147483647;
			files = (
				2AACCB2924D9BEA800FE98F6 /* LaunchScreen.storyboard in Resources */,
				2AACCB2624D9BEA800FE98F6 /* Assets.xcassets in Resources */,
				2A13253A24DB56A7006B1778 /* response_success.json in Resources */,
			);
			runOnlyForDeploymentPostprocessing = 0;
		};
		2AACCB2D24D9BEA800FE98F6 /* Resources */ = {
			isa = PBXResourcesBuildPhase;
			buildActionMask = 2147483647;
			files = (
				2A13253424DB4DDF006B1778 /* response_success.json in Resources */,
				2A13254D24DB6644006B1778 /* response_failure.json in Resources */,
			);
			runOnlyForDeploymentPostprocessing = 0;
		};
/* End PBXResourcesBuildPhase section */

/* Begin PBXShellScriptBuildPhase section */
		0D3A0DFD379B3BEB85FE654C /* [CP] Check Pods Manifest.lock */ = {
			isa = PBXShellScriptBuildPhase;
			buildActionMask = 2147483647;
			files = (
			);
			inputFileListPaths = (
			);
			inputPaths = (
				"${PODS_PODFILE_DIR_PATH}/Podfile.lock",
				"${PODS_ROOT}/Manifest.lock",
			);
			name = "[CP] Check Pods Manifest.lock";
			outputFileListPaths = (
			);
			outputPaths = (
				"$(DERIVED_FILE_DIR)/Pods-VIP-Clean-ArchitectureTests-checkManifestLockResult.txt",
			);
			runOnlyForDeploymentPostprocessing = 0;
			shellPath = /bin/sh;
			shellScript = "diff \"${PODS_PODFILE_DIR_PATH}/Podfile.lock\" \"${PODS_ROOT}/Manifest.lock\" > /dev/null\nif [ $? != 0 ] ; then\n    # print error to STDERR\n    echo \"error: The sandbox is not in sync with the Podfile.lock. Run 'pod install' or update your CocoaPods installation.\" >&2\n    exit 1\nfi\n# This output is used by Xcode 'outputs' to avoid re-running this script phase.\necho \"SUCCESS\" > \"${SCRIPT_OUTPUT_FILE_0}\"\n";
			showEnvVarsInLog = 0;
		};
		4A419203D8C528D450723BFE /* [CP] Check Pods Manifest.lock */ = {
			isa = PBXShellScriptBuildPhase;
			buildActionMask = 2147483647;
			files = (
			);
			inputFileListPaths = (
			);
			inputPaths = (
				"${PODS_PODFILE_DIR_PATH}/Podfile.lock",
				"${PODS_ROOT}/Manifest.lock",
			);
			name = "[CP] Check Pods Manifest.lock";
			outputFileListPaths = (
			);
			outputPaths = (
				"$(DERIVED_FILE_DIR)/Pods-VIP-Clean-Architecture-checkManifestLockResult.txt",
			);
			runOnlyForDeploymentPostprocessing = 0;
			shellPath = /bin/sh;
			shellScript = "diff \"${PODS_PODFILE_DIR_PATH}/Podfile.lock\" \"${PODS_ROOT}/Manifest.lock\" > /dev/null\nif [ $? != 0 ] ; then\n    # print error to STDERR\n    echo \"error: The sandbox is not in sync with the Podfile.lock. Run 'pod install' or update your CocoaPods installation.\" >&2\n    exit 1\nfi\n# This output is used by Xcode 'outputs' to avoid re-running this script phase.\necho \"SUCCESS\" > \"${SCRIPT_OUTPUT_FILE_0}\"\n";
			showEnvVarsInLog = 0;
		};
		E3195544C85224E6CFCDDFF6 /* [CP] Embed Pods Frameworks */ = {
			isa = PBXShellScriptBuildPhase;
			buildActionMask = 2147483647;
			files = (
			);
			inputFileListPaths = (
				"${PODS_ROOT}/Target Support Files/Pods-VIP-Clean-Architecture/Pods-VIP-Clean-Architecture-frameworks-${CONFIGURATION}-input-files.xcfilelist",
			);
			name = "[CP] Embed Pods Frameworks";
			outputFileListPaths = (
				"${PODS_ROOT}/Target Support Files/Pods-VIP-Clean-Architecture/Pods-VIP-Clean-Architecture-frameworks-${CONFIGURATION}-output-files.xcfilelist",
			);
			runOnlyForDeploymentPostprocessing = 0;
			shellPath = /bin/sh;
			shellScript = "\"${PODS_ROOT}/Target Support Files/Pods-VIP-Clean-Architecture/Pods-VIP-Clean-Architecture-frameworks.sh\"\n";
			showEnvVarsInLog = 0;
		};
/* End PBXShellScriptBuildPhase section */

/* Begin PBXSourcesBuildPhase section */
		2A13253B24DB5C09006B1778 /* Sources */ = {
			isa = PBXSourcesBuildPhase;
			buildActionMask = 2147483647;
			files = (
				2A13254224DB5C09006B1778 /* SPHUITests.swift in Sources */,
			);
			runOnlyForDeploymentPostprocessing = 0;
		};
		2AACCB1224D9BEA600FE98F6 /* Sources */ = {
			isa = PBXSourcesBuildPhase;
			buildActionMask = 2147483647;
			files = (
				2AACCB5F24D9EBDB00FE98F6 /* DataConsumptionPresenter.swift in Sources */,
				2AACCB4324D9C72000FE98F6 /* DataUsageResponse.swift in Sources */,
				2AACCB6124D9EBEC00FE98F6 /* DataConsumptionInteractor.swift in Sources */,
				2AACCB1E24D9BEA600FE98F6 /* DataConsumptionViewController.swift in Sources */,
				2A13251E24DA7866006B1778 /* BaseConfig.swift in Sources */,
				2AACCB4C24D9C8BD00FE98F6 /* Assets.swift in Sources */,
				2AACCB5B24D9DDC300FE98F6 /* NSBaseSpacers.swift in Sources */,
				2A13252824DAC2CC006B1778 /* Constants.swift in Sources */,
				2A13252024DA8282006B1778 /* DataConsumptionCell.swift in Sources */,
				2AACCB5D24D9E31600FE98F6 /* MicroServicePaths.swift in Sources */,
				2AACCB6524D9EC1000FE98F6 /* DataConsumptionConfigurator.swift in Sources */,
				2AACCB5324D9CAFF00FE98F6 /* NSBaseStackView.swift in Sources */,
				2A13252424DA8FF7006B1778 /* NSConstraint.swift in Sources */,
				2AACCB1A24D9BEA600FE98F6 /* AppDelegate.swift in Sources */,
				2AACCB4A24D9C89F00FE98F6 /* Colors.swift in Sources */,
				2AACCB6924D9ECD900FE98F6 /* DataConsumptionRouter.swift in Sources */,
				2AACCB4F24D9CA9900FE98F6 /* NSBaseViews.swift in Sources */,
				2AACCB2424D9BEA600FE98F6 /* VIP_Clean_Architecture.xcdatamodeld in Sources */,
				2AACCB6B24DA076F00FE98F6 /* DataConsumptionProtocols.swift in Sources */,
				2AACCB6724D9EC2C00FE98F6 /* DataConsumptionApiWorker.swift in Sources */,
				2A13252624DAA6E2006B1778 /* Extensions.swift in Sources */,
				2A13252A24DAFE53006B1778 /* Environment.swift in Sources */,
				2AACCB1C24D9BEA600FE98F6 /* SceneDelegate.swift in Sources */,
				2AACCB6324D9EBFA00FE98F6 /* DataConsumptionViewModel.swift in Sources */,
				2A13252224DA83DD006B1778 /* DataConsumptionViewHeader.swift in Sources */,
				2AACCB4624D9C77300FE98F6 /* DataUsageService.swift in Sources */,
			);
			runOnlyForDeploymentPostprocessing = 0;
		};
		2AACCB2B24D9BEA800FE98F6 /* Sources */ = {
			isa = PBXSourcesBuildPhase;
			buildActionMask = 2147483647;
			files = (
				2A13252C24DB15C9006B1778 /* DataConsumptionPresenterTests.swift in Sources */,
				2A13253824DB53D6006B1778 /* DataConsumptionInteractorTests.swift in Sources */,
				2A47992E24DBB5340066129B /* MockApiClient.swift in Sources */,
				2A13253224DB4A20006B1778 /* DataConsumptionViewControllerTests.swift in Sources */,
				2A13252E24DB4740006B1778 /* ViewTests.swift in Sources */,
			);
			runOnlyForDeploymentPostprocessing = 0;
		};
/* End PBXSourcesBuildPhase section */

/* Begin PBXTargetDependency section */
		2A13254524DB5C09006B1778 /* PBXTargetDependency */ = {
			isa = PBXTargetDependency;
			target = 2AACCB1524D9BEA600FE98F6 /* VIP-Clean-Architecture */;
			targetProxy = 2A13254424DB5C09006B1778 /* PBXContainerItemProxy */;
		};
		2AACCB3124D9BEA800FE98F6 /* PBXTargetDependency */ = {
			isa = PBXTargetDependency;
			target = 2AACCB1524D9BEA600FE98F6 /* VIP-Clean-Architecture */;
			targetProxy = 2AACCB3024D9BEA800FE98F6 /* PBXContainerItemProxy */;
		};
/* End PBXTargetDependency section */

/* Begin PBXVariantGroup section */
		2AACCB2724D9BEA800FE98F6 /* LaunchScreen.storyboard */ = {
			isa = PBXVariantGroup;
			children = (
				2AACCB2824D9BEA800FE98F6 /* Base */,
			);
			name = LaunchScreen.storyboard;
			sourceTree = "<group>";
		};
/* End PBXVariantGroup section */

/* Begin XCBuildConfiguration section */
		2A13254724DB5C09006B1778 /* Debug */ = {
			isa = XCBuildConfiguration;
			buildSettings = {
				CODE_SIGN_STYLE = Automatic;
				INFOPLIST_FILE = SPHUITests/Info.plist;
				IPHONEOS_DEPLOYMENT_TARGET = 13.6;
				LD_RUNPATH_SEARCH_PATHS = (
					"$(inherited)",
					"@executable_path/Frameworks",
					"@loader_path/Frameworks",
				);
				PRODUCT_BUNDLE_IDENTIFIER = com.nsa.SPHUITests;
				PRODUCT_NAME = "$(TARGET_NAME)";
				SWIFT_VERSION = 5.0;
				TARGETED_DEVICE_FAMILY = "1,2";
				TEST_TARGET_NAME = "VIP-Clean-Architecture";
			};
			name = Debug;
		};
		2A13254824DB5C09006B1778 /* Release */ = {
			isa = XCBuildConfiguration;
			buildSettings = {
				CODE_SIGN_STYLE = Automatic;
				INFOPLIST_FILE = SPHUITests/Info.plist;
				IPHONEOS_DEPLOYMENT_TARGET = 13.6;
				LD_RUNPATH_SEARCH_PATHS = (
					"$(inherited)",
					"@executable_path/Frameworks",
					"@loader_path/Frameworks",
				);
				PRODUCT_BUNDLE_IDENTIFIER = com.nsa.SPHUITests;
				PRODUCT_NAME = "$(TARGET_NAME)";
				SWIFT_VERSION = 5.0;
				TARGETED_DEVICE_FAMILY = "1,2";
				TEST_TARGET_NAME = "VIP-Clean-Architecture";
			};
			name = Release;
		};
		2AACCB3624D9BEA800FE98F6 /* Debug */ = {
			isa = XCBuildConfiguration;
			baseConfigurationReference = 2AACCB5924D9CE4100FE98F6 /* Dev.xcconfig */;
			buildSettings = {
				ALWAYS_SEARCH_USER_PATHS = NO;
				CLANG_ANALYZER_NONNULL = YES;
				CLANG_ANALYZER_NUMBER_OBJECT_CONVERSION = YES_AGGRESSIVE;
				CLANG_CXX_LANGUAGE_STANDARD = "gnu++14";
				CLANG_CXX_LIBRARY = "libc++";
				CLANG_ENABLE_MODULES = YES;
				CLANG_ENABLE_OBJC_ARC = YES;
				CLANG_ENABLE_OBJC_WEAK = YES;
				CLANG_WARN_BLOCK_CAPTURE_AUTORELEASING = YES;
				CLANG_WARN_BOOL_CONVERSION = YES;
				CLANG_WARN_COMMA = YES;
				CLANG_WARN_CONSTANT_CONVERSION = YES;
				CLANG_WARN_DEPRECATED_OBJC_IMPLEMENTATIONS = YES;
				CLANG_WARN_DIRECT_OBJC_ISA_USAGE = YES_ERROR;
				CLANG_WARN_DOCUMENTATION_COMMENTS = YES;
				CLANG_WARN_EMPTY_BODY = YES;
				CLANG_WARN_ENUM_CONVERSION = YES;
				CLANG_WARN_INFINITE_RECURSION = YES;
				CLANG_WARN_INT_CONVERSION = YES;
				CLANG_WARN_NON_LITERAL_NULL_CONVERSION = YES;
				CLANG_WARN_OBJC_IMPLICIT_RETAIN_SELF = YES;
				CLANG_WARN_OBJC_LITERAL_CONVERSION = YES;
				CLANG_WARN_OBJC_ROOT_CLASS = YES_ERROR;
				CLANG_WARN_RANGE_LOOP_ANALYSIS = YES;
				CLANG_WARN_STRICT_PROTOTYPES = YES;
				CLANG_WARN_SUSPICIOUS_MOVE = YES;
				CLANG_WARN_UNGUARDED_AVAILABILITY = YES_AGGRESSIVE;
				CLANG_WARN_UNREACHABLE_CODE = YES;
				CLANG_WARN__DUPLICATE_METHOD_MATCH = YES;
				COPY_PHASE_STRIP = NO;
				DEBUG_INFORMATION_FORMAT = dwarf;
				ENABLE_STRICT_OBJC_MSGSEND = YES;
				ENABLE_TESTABILITY = YES;
				GCC_C_LANGUAGE_STANDARD = gnu11;
				GCC_DYNAMIC_NO_PIC = NO;
				GCC_NO_COMMON_BLOCKS = YES;
				GCC_OPTIMIZATION_LEVEL = 0;
				GCC_PREPROCESSOR_DEFINITIONS = (
					"DEBUG=1",
					"$(inherited)",
				);
				GCC_WARN_64_TO_32_BIT_CONVERSION = YES;
				GCC_WARN_ABOUT_RETURN_TYPE = YES_ERROR;
				GCC_WARN_UNDECLARED_SELECTOR = YES;
				GCC_WARN_UNINITIALIZED_AUTOS = YES_AGGRESSIVE;
				GCC_WARN_UNUSED_FUNCTION = YES;
				GCC_WARN_UNUSED_VARIABLE = YES;
				IPHONEOS_DEPLOYMENT_TARGET = 13.0;
				MTL_ENABLE_DEBUG_INFO = INCLUDE_SOURCE;
				MTL_FAST_MATH = YES;
				ONLY_ACTIVE_ARCH = YES;
				SDKROOT = iphoneos;
				SWIFT_ACTIVE_COMPILATION_CONDITIONS = DEBUG;
				SWIFT_OPTIMIZATION_LEVEL = "-Onone";
			};
			name = Debug;
		};
		2AACCB3724D9BEA800FE98F6 /* Release */ = {
			isa = XCBuildConfiguration;
			baseConfigurationReference = 2AACCB5824D9CE2700FE98F6 /* Production.xcconfig */;
			buildSettings = {
				ALWAYS_SEARCH_USER_PATHS = NO;
				CLANG_ANALYZER_NONNULL = YES;
				CLANG_ANALYZER_NUMBER_OBJECT_CONVERSION = YES_AGGRESSIVE;
				CLANG_CXX_LANGUAGE_STANDARD = "gnu++14";
				CLANG_CXX_LIBRARY = "libc++";
				CLANG_ENABLE_MODULES = YES;
				CLANG_ENABLE_OBJC_ARC = YES;
				CLANG_ENABLE_OBJC_WEAK = YES;
				CLANG_WARN_BLOCK_CAPTURE_AUTORELEASING = YES;
				CLANG_WARN_BOOL_CONVERSION = YES;
				CLANG_WARN_COMMA = YES;
				CLANG_WARN_CONSTANT_CONVERSION = YES;
				CLANG_WARN_DEPRECATED_OBJC_IMPLEMENTATIONS = YES;
				CLANG_WARN_DIRECT_OBJC_ISA_USAGE = YES_ERROR;
				CLANG_WARN_DOCUMENTATION_COMMENTS = YES;
				CLANG_WARN_EMPTY_BODY = YES;
				CLANG_WARN_ENUM_CONVERSION = YES;
				CLANG_WARN_INFINITE_RECURSION = YES;
				CLANG_WARN_INT_CONVERSION = YES;
				CLANG_WARN_NON_LITERAL_NULL_CONVERSION = YES;
				CLANG_WARN_OBJC_IMPLICIT_RETAIN_SELF = YES;
				CLANG_WARN_OBJC_LITERAL_CONVERSION = YES;
				CLANG_WARN_OBJC_ROOT_CLASS = YES_ERROR;
				CLANG_WARN_RANGE_LOOP_ANALYSIS = YES;
				CLANG_WARN_STRICT_PROTOTYPES = YES;
				CLANG_WARN_SUSPICIOUS_MOVE = YES;
				CLANG_WARN_UNGUARDED_AVAILABILITY = YES_AGGRESSIVE;
				CLANG_WARN_UNREACHABLE_CODE = YES;
				CLANG_WARN__DUPLICATE_METHOD_MATCH = YES;
				COPY_PHASE_STRIP = NO;
				DEBUG_INFORMATION_FORMAT = "dwarf-with-dsym";
				ENABLE_NS_ASSERTIONS = NO;
				ENABLE_STRICT_OBJC_MSGSEND = YES;
				GCC_C_LANGUAGE_STANDARD = gnu11;
				GCC_NO_COMMON_BLOCKS = YES;
				GCC_WARN_64_TO_32_BIT_CONVERSION = YES;
				GCC_WARN_ABOUT_RETURN_TYPE = YES_ERROR;
				GCC_WARN_UNDECLARED_SELECTOR = YES;
				GCC_WARN_UNINITIALIZED_AUTOS = YES_AGGRESSIVE;
				GCC_WARN_UNUSED_FUNCTION = YES;
				GCC_WARN_UNUSED_VARIABLE = YES;
				IPHONEOS_DEPLOYMENT_TARGET = 13.0;
				MTL_ENABLE_DEBUG_INFO = NO;
				MTL_FAST_MATH = YES;
				SDKROOT = iphoneos;
				SWIFT_COMPILATION_MODE = wholemodule;
				SWIFT_OPTIMIZATION_LEVEL = "-O";
				VALIDATE_PRODUCT = YES;
			};
			name = Release;
		};
		2AACCB3924D9BEA800FE98F6 /* Debug */ = {
			isa = XCBuildConfiguration;
			baseConfigurationReference = 02692914154289F1E02C9BB3 /* Pods-VIP-Clean-Architecture.debug.xcconfig */;
			buildSettings = {
				ASSETCATALOG_COMPILER_APPICON_NAME = AppIcon;
				CODE_SIGN_STYLE = Automatic;
				INFOPLIST_FILE = "VIP-Clean-Architecture/Info.plist";
				LD_RUNPATH_SEARCH_PATHS = (
					"$(inherited)",
					"@executable_path/Frameworks",
				);
				PRODUCT_BUNDLE_IDENTIFIER = "com.nsa.VIP-Clean-Architecture";
				PRODUCT_NAME = "$(TARGET_NAME)";
				SWIFT_VERSION = 5.0;
				TARGETED_DEVICE_FAMILY = "1,2";
			};
			name = Debug;
		};
		2AACCB3A24D9BEA800FE98F6 /* Release */ = {
			isa = XCBuildConfiguration;
			baseConfigurationReference = 3A649DCEF150D32D9B15729F /* Pods-VIP-Clean-Architecture.release.xcconfig */;
			buildSettings = {
				ASSETCATALOG_COMPILER_APPICON_NAME = AppIcon;
				CODE_SIGN_STYLE = Automatic;
				INFOPLIST_FILE = "VIP-Clean-Architecture/Info.plist";
				LD_RUNPATH_SEARCH_PATHS = (
					"$(inherited)",
					"@executable_path/Frameworks",
				);
				PRODUCT_BUNDLE_IDENTIFIER = "com.nsa.VIP-Clean-Architecture";
				PRODUCT_NAME = "$(TARGET_NAME)";
				SWIFT_VERSION = 5.0;
				TARGETED_DEVICE_FAMILY = "1,2";
			};
			name = Release;
		};
		2AACCB3C24D9BEA800FE98F6 /* Debug */ = {
			isa = XCBuildConfiguration;
			baseConfigurationReference = 7F2A15C5B44E29325B46B6EA /* Pods-VIP-Clean-ArchitectureTests.debug.xcconfig */;
			buildSettings = {
				ALWAYS_EMBED_SWIFT_STANDARD_LIBRARIES = YES;
				BUNDLE_LOADER = "$(TEST_HOST)";
				CODE_SIGN_STYLE = Automatic;
				INFOPLIST_FILE = "VIP-Clean-ArchitectureTests/Info.plist";
				IPHONEOS_DEPLOYMENT_TARGET = 13.5;
				LD_RUNPATH_SEARCH_PATHS = (
					"$(inherited)",
					"@executable_path/Frameworks",
					"@loader_path/Frameworks",
				);
				PRODUCT_BUNDLE_IDENTIFIER = "com.nsa.VIP-Clean-ArchitectureTests";
				PRODUCT_NAME = "$(TARGET_NAME)";
				SWIFT_VERSION = 5.0;
				TARGETED_DEVICE_FAMILY = "1,2";
				TEST_HOST = "$(BUILT_PRODUCTS_DIR)/VIP-Clean-Architecture.app/VIP-Clean-Architecture";
			};
			name = Debug;
		};
		2AACCB3D24D9BEA800FE98F6 /* Release */ = {
			isa = XCBuildConfiguration;
			baseConfigurationReference = 618CAE8EFA08E4413BBB39FD /* Pods-VIP-Clean-ArchitectureTests.release.xcconfig */;
			buildSettings = {
				ALWAYS_EMBED_SWIFT_STANDARD_LIBRARIES = YES;
				BUNDLE_LOADER = "$(TEST_HOST)";
				CODE_SIGN_STYLE = Automatic;
				INFOPLIST_FILE = "VIP-Clean-ArchitectureTests/Info.plist";
				IPHONEOS_DEPLOYMENT_TARGET = 13.5;
				LD_RUNPATH_SEARCH_PATHS = (
					"$(inherited)",
					"@executable_path/Frameworks",
					"@loader_path/Frameworks",
				);
				PRODUCT_BUNDLE_IDENTIFIER = "com.nsa.VIP-Clean-ArchitectureTests";
				PRODUCT_NAME = "$(TARGET_NAME)";
				SWIFT_VERSION = 5.0;
				TARGETED_DEVICE_FAMILY = "1,2";
				TEST_HOST = "$(BUILT_PRODUCTS_DIR)/VIP-Clean-Architecture.app/VIP-Clean-Architecture";
			};
			name = Release;
		};
/* End XCBuildConfiguration section */

/* Begin XCConfigurationList section */
		2A13254624DB5C09006B1778 /* Build configuration list for PBXNativeTarget "SPHUITests" */ = {
			isa = XCConfigurationList;
			buildConfigurations = (
				2A13254724DB5C09006B1778 /* Debug */,
				2A13254824DB5C09006B1778 /* Release */,
			);
			defaultConfigurationIsVisible = 0;
			defaultConfigurationName = Release;
		};
		2AACCB1124D9BEA600FE98F6 /* Build configuration list for PBXProject "VIP-Clean-Architecture" */ = {
			isa = XCConfigurationList;
			buildConfigurations = (
				2AACCB3624D9BEA800FE98F6 /* Debug */,
				2AACCB3724D9BEA800FE98F6 /* Release */,
			);
			defaultConfigurationIsVisible = 0;
			defaultConfigurationName = Release;
		};
		2AACCB3824D9BEA800FE98F6 /* Build configuration list for PBXNativeTarget "VIP-Clean-Architecture" */ = {
			isa = XCConfigurationList;
			buildConfigurations = (
				2AACCB3924D9BEA800FE98F6 /* Debug */,
				2AACCB3A24D9BEA800FE98F6 /* Release */,
			);
			defaultConfigurationIsVisible = 0;
			defaultConfigurationName = Release;
		};
		2AACCB3B24D9BEA800FE98F6 /* Build configuration list for PBXNativeTarget "VIP-Clean-ArchitectureTests" */ = {
			isa = XCConfigurationList;
			buildConfigurations = (
				2AACCB3C24D9BEA800FE98F6 /* Debug */,
				2AACCB3D24D9BEA800FE98F6 /* Release */,
			);
			defaultConfigurationIsVisible = 0;
			defaultConfigurationName = Release;
		};
/* End XCConfigurationList section */

/* Begin XCVersionGroup section */
		2AACCB2224D9BEA600FE98F6 /* VIP_Clean_Architecture.xcdatamodeld */ = {
			isa = XCVersionGroup;
			children = (
				2AACCB2324D9BEA600FE98F6 /* VIP_Clean_Architecture.xcdatamodel */,
			);
			currentVersion = 2AACCB2324D9BEA600FE98F6 /* VIP_Clean_Architecture.xcdatamodel */;
			path = VIP_Clean_Architecture.xcdatamodeld;
			sourceTree = "<group>";
			versionGroupType = wrapper.xcdatamodel;
		};
/* End XCVersionGroup section */
	};
	rootObject = 2AACCB0E24D9BEA600FE98F6 /* Project object */;
}
